// !$*UTF8*$!
{
	archiveVersion = 1;
	classes = {
	};
	objectVersion = 50;
	objects = {

/* Begin PBXBuildFile section */
		6CCE887D6C6A3563E5F39E0A /* Pods_FlixAppTests.framework in Frameworks */ = {isa = PBXBuildFile; fileRef = 58EB781579160A424B81E1B1 /* Pods_FlixAppTests.framework */; };
		727D621F2208207300A5B103 /* AppDelegate.swift in Sources */ = {isa = PBXBuildFile; fileRef = 727D621E2208207300A5B103 /* AppDelegate.swift */; };
		727D62242208207300A5B103 /* Main.storyboard in Resources */ = {isa = PBXBuildFile; fileRef = 727D62222208207300A5B103 /* Main.storyboard */; };
		727D62262208207500A5B103 /* Assets.xcassets in Resources */ = {isa = PBXBuildFile; fileRef = 727D62252208207500A5B103 /* Assets.xcassets */; };
		727D62292208207500A5B103 /* LaunchScreen.storyboard in Resources */ = {isa = PBXBuildFile; fileRef = 727D62272208207500A5B103 /* LaunchScreen.storyboard */; };
		727D62342208207500A5B103 /* FlixAppTests.swift in Sources */ = {isa = PBXBuildFile; fileRef = 727D62332208207500A5B103 /* FlixAppTests.swift */; };
		727D623F2208207500A5B103 /* FlixAppUITests.swift in Sources */ = {isa = PBXBuildFile; fileRef = 727D623E2208207500A5B103 /* FlixAppUITests.swift */; };
		727D624D2208220400A5B103 /* MoviesViewController.swift in Sources */ = {isa = PBXBuildFile; fileRef = 727D624C2208220400A5B103 /* MoviesViewController.swift */; };
		727D624F2208ACF600A5B103 /* MoviesCell.swift in Sources */ = {isa = PBXBuildFile; fileRef = 727D624E2208ACF600A5B103 /* MoviesCell.swift */; };
		727D62512208F57500A5B103 /* MovieDetailsViewController.swift in Sources */ = {isa = PBXBuildFile; fileRef = 727D62502208F57500A5B103 /* MovieDetailsViewController.swift */; };
		727D62532209062500A5B103 /* MovieGridViewController.swift in Sources */ = {isa = PBXBuildFile; fileRef = 727D62522209062500A5B103 /* MovieGridViewController.swift */; };
		728314BC22115B51008AE5F1 /* MovieGridCell.swift in Sources */ = {isa = PBXBuildFile; fileRef = 728314BB22115B51008AE5F1 /* MovieGridCell.swift */; };
		7FC5771913A208E42D6E566C /* Pods_FlixApp.framework in Frameworks */ = {isa = PBXBuildFile; fileRef = 5CE24B105627F66D3084494E /* Pods_FlixApp.framework */; };
		DFB764B8AE7A939DDE56175E /* Pods_FlixAppUITests.framework in Frameworks */ = {isa = PBXBuildFile; fileRef = C79FEE9605DD9DD2CD131A90 /* Pods_FlixAppUITests.framework */; };
/* End PBXBuildFile section */

/* Begin PBXContainerItemProxy section */
		727D62302208207500A5B103 /* PBXContainerItemProxy */ = {
			isa = PBXContainerItemProxy;
			containerPortal = 727D62132208207300A5B103 /* Project object */;
			proxyType = 1;
			remoteGlobalIDString = 727D621A2208207300A5B103;
			remoteInfo = FlixApp;
		};
		727D623B2208207500A5B103 /* PBXContainerItemProxy */ = {
			isa = PBXContainerItemProxy;
			containerPortal = 727D62132208207300A5B103 /* Project object */;
			proxyType = 1;
			remoteGlobalIDString = 727D621A2208207300A5B103;
			remoteInfo = FlixApp;
		};
/* End PBXContainerItemProxy section */

/* Begin PBXFileReference section */
		0F63DF8507B14C11ECD3865F /* Pods-FlixAppTests.debug.xcconfig */ = {isa = PBXFileReference; includeInIndex = 1; lastKnownFileType = text.xcconfig; name = "Pods-FlixAppTests.debug.xcconfig"; path = "Pods/Target Support Files/Pods-FlixAppTests/Pods-FlixAppTests.debug.xcconfig"; sourceTree = "<group>"; };
		221D9EC5AFF62C13912352E0 /* Pods-FlixApp.release.xcconfig */ = {isa = PBXFileReference; includeInIndex = 1; lastKnownFileType = text.xcconfig; name = "Pods-FlixApp.release.xcconfig"; path = "Pods/Target Support Files/Pods-FlixApp/Pods-FlixApp.release.xcconfig"; sourceTree = "<group>"; };
		42269130F5B250A640A80A73 /* Pods-FlixApp.debug.xcconfig */ = {isa = PBXFileReference; includeInIndex = 1; lastKnownFileType = text.xcconfig; name = "Pods-FlixApp.debug.xcconfig"; path = "Pods/Target Support Files/Pods-FlixApp/Pods-FlixApp.debug.xcconfig"; sourceTree = "<group>"; };
		4B68972812B9B04BAF6441CE /* Pods-FlixAppUITests.release.xcconfig */ = {isa = PBXFileReference; includeInIndex = 1; lastKnownFileType = text.xcconfig; name = "Pods-FlixAppUITests.release.xcconfig"; path = "Pods/Target Support Files/Pods-FlixAppUITests/Pods-FlixAppUITests.release.xcconfig"; sourceTree = "<group>"; };
		58EB781579160A424B81E1B1 /* Pods_FlixAppTests.framework */ = {isa = PBXFileReference; explicitFileType = wrapper.framework; includeInIndex = 0; path = Pods_FlixAppTests.framework; sourceTree = BUILT_PRODUCTS_DIR; };
		5CE24B105627F66D3084494E /* Pods_FlixApp.framework */ = {isa = PBXFileReference; explicitFileType = wrapper.framework; includeInIndex = 0; path = Pods_FlixApp.framework; sourceTree = BUILT_PRODUCTS_DIR; };
		727D621B2208207300A5B103 /* FlixApp.app */ = {isa = PBXFileReference; explicitFileType = wrapper.application; includeInIndex = 0; path = FlixApp.app; sourceTree = BUILT_PRODUCTS_DIR; };
		727D621E2208207300A5B103 /* AppDelegate.swift */ = {isa = PBXFileReference; lastKnownFileType = sourcecode.swift; path = AppDelegate.swift; sourceTree = "<group>"; };
		727D62232208207300A5B103 /* Base */ = {isa = PBXFileReference; lastKnownFileType = file.storyboard; name = Base; path = Base.lproj/Main.storyboard; sourceTree = "<group>"; };
		727D62252208207500A5B103 /* Assets.xcassets */ = {isa = PBXFileReference; lastKnownFileType = folder.assetcatalog; path = Assets.xcassets; sourceTree = "<group>"; };
		727D62282208207500A5B103 /* Base */ = {isa = PBXFileReference; lastKnownFileType = file.storyboard; name = Base; path = Base.lproj/LaunchScreen.storyboard; sourceTree = "<group>"; };
		727D622A2208207500A5B103 /* Info.plist */ = {isa = PBXFileReference; lastKnownFileType = text.plist.xml; path = Info.plist; sourceTree = "<group>"; };
		727D622F2208207500A5B103 /* FlixAppTests.xctest */ = {isa = PBXFileReference; explicitFileType = wrapper.cfbundle; includeInIndex = 0; path = FlixAppTests.xctest; sourceTree = BUILT_PRODUCTS_DIR; };
		727D62332208207500A5B103 /* FlixAppTests.swift */ = {isa = PBXFileReference; lastKnownFileType = sourcecode.swift; path = FlixAppTests.swift; sourceTree = "<group>"; };
		727D62352208207500A5B103 /* Info.plist */ = {isa = PBXFileReference; lastKnownFileType = text.plist.xml; path = Info.plist; sourceTree = "<group>"; };
		727D623A2208207500A5B103 /* FlixAppUITests.xctest */ = {isa = PBXFileReference; explicitFileType = wrapper.cfbundle; includeInIndex = 0; path = FlixAppUITests.xctest; sourceTree = BUILT_PRODUCTS_DIR; };
		727D623E2208207500A5B103 /* FlixAppUITests.swift */ = {isa = PBXFileReference; lastKnownFileType = sourcecode.swift; path = FlixAppUITests.swift; sourceTree = "<group>"; };
		727D62402208207500A5B103 /* Info.plist */ = {isa = PBXFileReference; lastKnownFileType = text.plist.xml; path = Info.plist; sourceTree = "<group>"; };
		727D624C2208220400A5B103 /* MoviesViewController.swift */ = {isa = PBXFileReference; lastKnownFileType = sourcecode.swift; path = MoviesViewController.swift; sourceTree = "<group>"; };
		727D624E2208ACF600A5B103 /* MoviesCell.swift */ = {isa = PBXFileReference; lastKnownFileType = sourcecode.swift; path = MoviesCell.swift; sourceTree = "<group>"; };
		727D62502208F57500A5B103 /* MovieDetailsViewController.swift */ = {isa = PBXFileReference; lastKnownFileType = sourcecode.swift; path = MovieDetailsViewController.swift; sourceTree = "<group>"; };
		727D62522209062500A5B103 /* MovieGridViewController.swift */ = {isa = PBXFileReference; lastKnownFileType = sourcecode.swift; path = MovieGridViewController.swift; sourceTree = "<group>"; };
		728314BB22115B51008AE5F1 /* MovieGridCell.swift */ = {isa = PBXFileReference; lastKnownFileType = sourcecode.swift; path = MovieGridCell.swift; sourceTree = "<group>"; };
		C31D88DE83B9FE512A950A3E /* Pods-FlixAppUITests.debug.xcconfig */ = {isa = PBXFileReference; includeInIndex = 1; lastKnownFileType = text.xcconfig; name = "Pods-FlixAppUITests.debug.xcconfig"; path = "Pods/Target Support Files/Pods-FlixAppUITests/Pods-FlixAppUITests.debug.xcconfig"; sourceTree = "<group>"; };
		C79FEE9605DD9DD2CD131A90 /* Pods_FlixAppUITests.framework */ = {isa = PBXFileReference; explicitFileType = wrapper.framework; includeInIndex = 0; path = Pods_FlixAppUITests.framework; sourceTree = BUILT_PRODUCTS_DIR; };
		F68FC088F7B4AAB715CE045B /* Pods-FlixAppTests.release.xcconfig */ = {isa = PBXFileReference; includeInIndex = 1; lastKnownFileType = text.xcconfig; name = "Pods-FlixAppTests.release.xcconfig"; path = "Pods/Target Support Files/Pods-FlixAppTests/Pods-FlixAppTests.release.xcconfig"; sourceTree = "<group>"; };
/* End PBXFileReference section */

/* Begin PBXFrameworksBuildPhase section */
		727D62182208207300A5B103 /* Frameworks */ = {
			isa = PBXFrameworksBuildPhase;
			buildActionMask = 2147483647;
			files = (
				7FC5771913A208E42D6E566C /* Pods_FlixApp.framework in Frameworks */,
			);
			runOnlyForDeploymentPostprocessing = 0;
		};
		727D622C2208207500A5B103 /* Frameworks */ = {
			isa = PBXFrameworksBuildPhase;
			buildActionMask = 2147483647;
			files = (
				6CCE887D6C6A3563E5F39E0A /* Pods_FlixAppTests.framework in Frameworks */,
			);
			runOnlyForDeploymentPostprocessing = 0;
		};
		727D62372208207500A5B103 /* Frameworks */ = {
			isa = PBXFrameworksBuildPhase;
			buildActionMask = 2147483647;
			files = (
				DFB764B8AE7A939DDE56175E /* Pods_FlixAppUITests.framework in Frameworks */,
			);
			runOnlyForDeploymentPostprocessing = 0;
		};
/* End PBXFrameworksBuildPhase section */

/* Begin PBXGroup section */
		43D630307A879742CC01804D /* Frameworks */ = {
			isa = PBXGroup;
			children = (
				5CE24B105627F66D3084494E /* Pods_FlixApp.framework */,
				58EB781579160A424B81E1B1 /* Pods_FlixAppTests.framework */,
				C79FEE9605DD9DD2CD131A90 /* Pods_FlixAppUITests.framework */,
			);
			name = Frameworks;
			sourceTree = "<group>";
		};
		727D62122208207300A5B103 = {
			isa = PBXGroup;
			children = (
				727D621D2208207300A5B103 /* FlixApp */,
				727D62322208207500A5B103 /* FlixAppTests */,
				727D623D2208207500A5B103 /* FlixAppUITests */,
				727D621C2208207300A5B103 /* Products */,
				CA66DC6D58096B7D1FB454E1 /* Pods */,
				43D630307A879742CC01804D /* Frameworks */,
			);
			sourceTree = "<group>";
		};
		727D621C2208207300A5B103 /* Products */ = {
			isa = PBXGroup;
			children = (
				727D621B2208207300A5B103 /* FlixApp.app */,
				727D622F2208207500A5B103 /* FlixAppTests.xctest */,
				727D623A2208207500A5B103 /* FlixAppUITests.xctest */,
			);
			name = Products;
			sourceTree = "<group>";
		};
		727D621D2208207300A5B103 /* FlixApp */ = {
			isa = PBXGroup;
			children = (
				727D62522209062500A5B103 /* MovieGridViewController.swift */,
				727D624C2208220400A5B103 /* MoviesViewController.swift */,
				727D624E2208ACF600A5B103 /* MoviesCell.swift */,
				727D621E2208207300A5B103 /* AppDelegate.swift */,
				727D62222208207300A5B103 /* Main.storyboard */,
				728314BB22115B51008AE5F1 /* MovieGridCell.swift */,
				727D62502208F57500A5B103 /* MovieDetailsViewController.swift */,
				727D62252208207500A5B103 /* Assets.xcassets */,
				727D62272208207500A5B103 /* LaunchScreen.storyboard */,
				727D622A2208207500A5B103 /* Info.plist */,
			);
			path = FlixApp;
			sourceTree = "<group>";
		};
		727D62322208207500A5B103 /* FlixAppTests */ = {
			isa = PBXGroup;
			children = (
				727D62332208207500A5B103 /* FlixAppTests.swift */,
				727D62352208207500A5B103 /* Info.plist */,
			);
			path = FlixAppTests;
			sourceTree = "<group>";
		};
		727D623D2208207500A5B103 /* FlixAppUITests */ = {
			isa = PBXGroup;
			children = (
				727D623E2208207500A5B103 /* FlixAppUITests.swift */,
				727D62402208207500A5B103 /* Info.plist */,
			);
			path = FlixAppUITests;
			sourceTree = "<group>";
		};
		CA66DC6D58096B7D1FB454E1 /* Pods */ = {
			isa = PBXGroup;
			children = (
				42269130F5B250A640A80A73 /* Pods-FlixApp.debug.xcconfig */,
				221D9EC5AFF62C13912352E0 /* Pods-FlixApp.release.xcconfig */,
				0F63DF8507B14C11ECD3865F /* Pods-FlixAppTests.debug.xcconfig */,
				F68FC088F7B4AAB715CE045B /* Pods-FlixAppTests.release.xcconfig */,
				C31D88DE83B9FE512A950A3E /* Pods-FlixAppUITests.debug.xcconfig */,
				4B68972812B9B04BAF6441CE /* Pods-FlixAppUITests.release.xcconfig */,
			);
			name = Pods;
			sourceTree = "<group>";
		};
/* End PBXGroup section */

/* Begin PBXNativeTarget section */
		727D621A2208207300A5B103 /* FlixApp */ = {
			isa = PBXNativeTarget;
			buildConfigurationList = 727D62432208207500A5B103 /* Build configuration list for PBXNativeTarget "FlixApp" */;
			buildPhases = (
				16D29AB7302ABCD01D867DE4 /* [CP] Check Pods Manifest.lock */,
				727D62172208207300A5B103 /* Sources */,
				727D62182208207300A5B103 /* Frameworks */,
				727D62192208207300A5B103 /* Resources */,
				B2BF461ACFA4B78D8EE6803F /* [CP] Embed Pods Frameworks */,
			);
			buildRules = (
			);
			dependencies = (
			);
			name = FlixApp;
			productName = FlixApp;
			productReference = 727D621B2208207300A5B103 /* FlixApp.app */;
			productType = "com.apple.product-type.application";
		};
		727D622E2208207500A5B103 /* FlixAppTests */ = {
			isa = PBXNativeTarget;
			buildConfigurationList = 727D62462208207500A5B103 /* Build configuration list for PBXNativeTarget "FlixAppTests" */;
			buildPhases = (
				425E9954B74F819D3EB5891E /* [CP] Check Pods Manifest.lock */,
				727D622B2208207500A5B103 /* Sources */,
				727D622C2208207500A5B103 /* Frameworks */,
				727D622D2208207500A5B103 /* Resources */,
			);
			buildRules = (
			);
			dependencies = (
				727D62312208207500A5B103 /* PBXTargetDependency */,
			);
			name = FlixAppTests;
			productName = FlixAppTests;
			productReference = 727D622F2208207500A5B103 /* FlixAppTests.xctest */;
			productType = "com.apple.product-type.bundle.unit-test";
		};
		727D62392208207500A5B103 /* FlixAppUITests */ = {
			isa = PBXNativeTarget;
			buildConfigurationList = 727D62492208207500A5B103 /* Build configuration list for PBXNativeTarget "FlixAppUITests" */;
			buildPhases = (
				67E7849E80C28CA1BBFFABEF /* [CP] Check Pods Manifest.lock */,
				727D62362208207500A5B103 /* Sources */,
				727D62372208207500A5B103 /* Frameworks */,
				727D62382208207500A5B103 /* Resources */,
			);
			buildRules = (
			);
			dependencies = (
				727D623C2208207500A5B103 /* PBXTargetDependency */,
			);
			name = FlixAppUITests;
			productName = FlixAppUITests;
			productReference = 727D623A2208207500A5B103 /* FlixAppUITests.xctest */;
			productType = "com.apple.product-type.bundle.ui-testing";
		};
/* End PBXNativeTarget section */

/* Begin PBXProject section */
		727D62132208207300A5B103 /* Project object */ = {
			isa = PBXProject;
			attributes = {
				LastSwiftUpdateCheck = 1010;
				LastUpgradeCheck = 1010;
				ORGANIZATIONNAME = "Jashmae Baculpo";
				TargetAttributes = {
					727D621A2208207300A5B103 = {
						CreatedOnToolsVersion = 10.1;
					};
					727D622E2208207500A5B103 = {
						CreatedOnToolsVersion = 10.1;
						TestTargetID = 727D621A2208207300A5B103;
					};
					727D62392208207500A5B103 = {
						CreatedOnToolsVersion = 10.1;
						TestTargetID = 727D621A2208207300A5B103;
					};
				};
			};
			buildConfigurationList = 727D62162208207300A5B103 /* Build configuration list for PBXProject "FlixApp" */;
			compatibilityVersion = "Xcode 9.3";
			developmentRegion = en;
			hasScannedForEncodings = 0;
			knownRegions = (
				en,
				Base,
			);
			mainGroup = 727D62122208207300A5B103;
			productRefGroup = 727D621C2208207300A5B103 /* Products */;
			projectDirPath = "";
			projectRoot = "";
			targets = (
				727D621A2208207300A5B103 /* FlixApp */,
				727D622E2208207500A5B103 /* FlixAppTests */,
				727D62392208207500A5B103 /* FlixAppUITests */,
			);
		};
/* End PBXProject section */

/* Begin PBXResourcesBuildPhase section */
		727D62192208207300A5B103 /* Resources */ = {
			isa = PBXResourcesBuildPhase;
			buildActionMask = 2147483647;
			files = (
				727D62292208207500A5B103 /* LaunchScreen.storyboard in Resources */,
				727D62262208207500A5B103 /* Assets.xcassets in Resources */,
				727D62242208207300A5B103 /* Main.storyboard in Resources */,
			);
			runOnlyForDeploymentPostprocessing = 0;
		};
		727D622D2208207500A5B103 /* Resources */ = {
			isa = PBXResourcesBuildPhase;
			buildActionMask = 2147483647;
			files = (
			);
			runOnlyForDeploymentPostprocessing = 0;
		};
		727D62382208207500A5B103 /* Resources */ = {
			isa = PBXResourcesBuildPhase;
			buildActionMask = 2147483647;
			files = (
			);
			runOnlyForDeploymentPostprocessing = 0;
		};
/* End PBXResourcesBuildPhase section */

/* Begin PBXShellScriptBuildPhase section */
		16D29AB7302ABCD01D867DE4 /* [CP] Check Pods Manifest.lock */ = {
			isa = PBXShellScriptBuildPhase;
			buildActionMask = 2147483647;
			files = (
			);
			inputFileListPaths = (
			);
			inputPaths = (
				"${PODS_PODFILE_DIR_PATH}/Podfile.lock",
				"${PODS_ROOT}/Manifest.lock",
			);
			name = "[CP] Check Pods Manifest.lock";
			outputFileListPaths = (
			);
			outputPaths = (
				"$(DERIVED_FILE_DIR)/Pods-FlixApp-checkManifestLockResult.txt",
			);
			runOnlyForDeploymentPostprocessing = 0;
			shellPath = /bin/sh;
			shellScript = "diff \"${PODS_PODFILE_DIR_PATH}/Podfile.lock\" \"${PODS_ROOT}/Manifest.lock\" > /dev/null\nif [ $? != 0 ] ; then\n    # print error to STDERR\n    echo \"error: The sandbox is not in sync with the Podfile.lock. Run 'pod install' or update your CocoaPods installation.\" >&2\n    exit 1\nfi\n# This output is used by Xcode 'outputs' to avoid re-running this script phase.\necho \"SUCCESS\" > \"${SCRIPT_OUTPUT_FILE_0}\"\n";
			showEnvVarsInLog = 0;
		};
		425E9954B74F819D3EB5891E /* [CP] Check Pods Manifest.lock */ = {
			isa = PBXShellScriptBuildPhase;
			buildActionMask = 2147483647;
			files = (
			);
			inputFileListPaths = (
			);
			inputPaths = (
				"${PODS_PODFILE_DIR_PATH}/Podfile.lock",
				"${PODS_ROOT}/Manifest.lock",
			);
			name = "[CP] Check Pods Manifest.lock";
			outputFileListPaths = (
			);
			outputPaths = (
				"$(DERIVED_FILE_DIR)/Pods-FlixAppTests-checkManifestLockResult.txt",
			);
			runOnlyForDeploymentPostprocessing = 0;
			shellPath = /bin/sh;
			shellScript = "diff \"${PODS_PODFILE_DIR_PATH}/Podfile.lock\" \"${PODS_ROOT}/Manifest.lock\" > /dev/null\nif [ $? != 0 ] ; then\n    # print error to STDERR\n    echo \"error: The sandbox is not in sync with the Podfile.lock. Run 'pod install' or update your CocoaPods installation.\" >&2\n    exit 1\nfi\n# This output is used by Xcode 'outputs' to avoid re-running this script phase.\necho \"SUCCESS\" > \"${SCRIPT_OUTPUT_FILE_0}\"\n";
			showEnvVarsInLog = 0;
		};
		67E7849E80C28CA1BBFFABEF /* [CP] Check Pods Manifest.lock */ = {
			isa = PBXShellScriptBuildPhase;
			buildActionMask = 2147483647;
			files = (
			);
			inputFileListPaths = (
			);
			inputPaths = (
				"${PODS_PODFILE_DIR_PATH}/Podfile.lock",
				"${PODS_ROOT}/Manifest.lock",
			);
			name = "[CP] Check Pods Manifest.lock";
			outputFileListPaths = (
			);
			outputPaths = (
				"$(DERIVED_FILE_DIR)/Pods-FlixAppUITests-checkManifestLockResult.txt",
			);
			runOnlyForDeploymentPostprocessing = 0;
			shellPath = /bin/sh;
			shellScript = "diff \"${PODS_PODFILE_DIR_PATH}/Podfile.lock\" \"${PODS_ROOT}/Manifest.lock\" > /dev/null\nif [ $? != 0 ] ; then\n    # print error to STDERR\n    echo \"error: The sandbox is not in sync with the Podfile.lock. Run 'pod install' or update your CocoaPods installation.\" >&2\n    exit 1\nfi\n# This output is used by Xcode 'outputs' to avoid re-running this script phase.\necho \"SUCCESS\" > \"${SCRIPT_OUTPUT_FILE_0}\"\n";
			showEnvVarsInLog = 0;
		};
		B2BF461ACFA4B78D8EE6803F /* [CP] Embed Pods Frameworks */ = {
			isa = PBXShellScriptBuildPhase;
			buildActionMask = 2147483647;
			files = (
			);
			inputFileListPaths = (
			);
			inputPaths = (
				"${SRCROOT}/Pods/Target Support Files/Pods-FlixApp/Pods-FlixApp-frameworks.sh",
				"${BUILT_PRODUCTS_DIR}/Alamofire/Alamofire.framework",
				"${BUILT_PRODUCTS_DIR}/AlamofireImage/AlamofireImage.framework",
			);
			name = "[CP] Embed Pods Frameworks";
			outputFileListPaths = (
			);
			outputPaths = (
				"${TARGET_BUILD_DIR}/${FRAMEWORKS_FOLDER_PATH}/Alamofire.framework",
				"${TARGET_BUILD_DIR}/${FRAMEWORKS_FOLDER_PATH}/AlamofireImage.framework",
			);
			runOnlyForDeploymentPostprocessing = 0;
			shellPath = /bin/sh;
			shellScript = "\"${SRCROOT}/Pods/Target Support Files/Pods-FlixApp/Pods-FlixApp-frameworks.sh\"\n";
			showEnvVarsInLog = 0;
		};
/* End PBXShellScriptBuildPhase section */

/* Begin PBXSourcesBuildPhase section */
		727D62172208207300A5B103 /* Sources */ = {
			isa = PBXSourcesBuildPhase;
			buildActionMask = 2147483647;
			files = (
				727D62532209062500A5B103 /* MovieGridViewController.swift in Sources */,
				727D62512208F57500A5B103 /* MovieDetailsViewController.swift in Sources */,
				727D621F2208207300A5B103 /* AppDelegate.swift in Sources */,
				727D624F2208ACF600A5B103 /* MoviesCell.swift in Sources */,
				728314BC22115B51008AE5F1 /* MovieGridCell.swift in Sources */,
				727D624D2208220400A5B103 /* MoviesViewController.swift in Sources */,
			);
			runOnlyForDeploymentPostprocessing = 0;
		};
		727D622B2208207500A5B103 /* Sources */ = {
			isa = PBXSourcesBuildPhase;
			buildActionMask = 2147483647;
			files = (
				727D62342208207500A5B103 /* FlixAppTests.swift in Sources */,
			);
			runOnlyForDeploymentPostprocessing = 0;
		};
		727D62362208207500A5B103 /* Sources */ = {
			isa = PBXSourcesBuildPhase;
			buildActionMask = 2147483647;
			files = (
				727D623F2208207500A5B103 /* FlixAppUITests.swift in Sources */,
			);
			runOnlyForDeploymentPostprocessing = 0;
		};
/* End PBXSourcesBuildPhase section */

/* Begin PBXTargetDependency section */
		727D62312208207500A5B103 /* PBXTargetDependency */ = {
			isa = PBXTargetDependency;
			target = 727D621A2208207300A5B103 /* FlixApp */;
			targetProxy = 727D62302208207500A5B103 /* PBXContainerItemProxy */;
		};
		727D623C2208207500A5B103 /* PBXTargetDependency */ = {
			isa = PBXTargetDependency;
			target = 727D621A2208207300A5B103 /* FlixApp */;
			targetProxy = 727D623B2208207500A5B103 /* PBXContainerItemProxy */;
		};
/* End PBXTargetDependency section */

/* Begin PBXVariantGroup section */
		727D62222208207300A5B103 /* Main.storyboard */ = {
			isa = PBXVariantGroup;
			children = (
				727D62232208207300A5B103 /* Base */,
			);
			name = Main.storyboard;
			sourceTree = "<group>";
		};
		727D62272208207500A5B103 /* LaunchScreen.storyboard */ = {
			isa = PBXVariantGroup;
			children = (
				727D62282208207500A5B103 /* Base */,
			);
			name = LaunchScreen.storyboard;
			sourceTree = "<group>";
		};
/* End PBXVariantGroup section */

/* Begin XCBuildConfiguration section */
		727D62412208207500A5B103 /* Debug */ = {
			isa = XCBuildConfiguration;
			buildSettings = {
				ALWAYS_SEARCH_USER_PATHS = NO;
				CLANG_ANALYZER_NONNULL = YES;
				CLANG_ANALYZER_NUMBER_OBJECT_CONVERSION = YES_AGGRESSIVE;
				CLANG_CXX_LANGUAGE_STANDARD = "gnu++14";
				CLANG_CXX_LIBRARY = "libc++";
				CLANG_ENABLE_MODULES = YES;
				CLANG_ENABLE_OBJC_ARC = YES;
				CLANG_ENABLE_OBJC_WEAK = YES;
				CLANG_WARN_BLOCK_CAPTURE_AUTORELEASING = YES;
				CLANG_WARN_BOOL_CONVERSION = YES;
				CLANG_WARN_COMMA = YES;
				CLANG_WARN_CONSTANT_CONVERSION = YES;
				CLANG_WARN_DEPRECATED_OBJC_IMPLEMENTATIONS = YES;
				CLANG_WARN_DIRECT_OBJC_ISA_USAGE = YES_ERROR;
				CLANG_WARN_DOCUMENTATION_COMMENTS = YES;
				CLANG_WARN_EMPTY_BODY = YES;
				CLANG_WARN_ENUM_CONVERSION = YES;
				CLANG_WARN_INFINITE_RECURSION = YES;
				CLANG_WARN_INT_CONVERSION = YES;
				CLANG_WARN_NON_LITERAL_NULL_CONVERSION = YES;
				CLANG_WARN_OBJC_IMPLICIT_RETAIN_SELF = YES;
				CLANG_WARN_OBJC_LITERAL_CONVERSION = YES;
				CLANG_WARN_OBJC_ROOT_CLASS = YES_ERROR;
				CLANG_WARN_RANGE_LOOP_ANALYSIS = YES;
				CLANG_WARN_STRICT_PROTOTYPES = YES;
				CLANG_WARN_SUSPICIOUS_MOVE = YES;
				CLANG_WARN_UNGUARDED_AVAILABILITY = YES_AGGRESSIVE;
				CLANG_WARN_UNREACHABLE_CODE = YES;
				CLANG_WARN__DUPLICATE_METHOD_MATCH = YES;
				CODE_SIGN_IDENTITY = "iPhone Developer";
				COPY_PHASE_STRIP = NO;
				DEBUG_INFORMATION_FORMAT = dwarf;
				ENABLE_STRICT_OBJC_MSGSEND = YES;
				ENABLE_TESTABILITY = YES;
				GCC_C_LANGUAGE_STANDARD = gnu11;
				GCC_DYNAMIC_NO_PIC = NO;
				GCC_NO_COMMON_BLOCKS = YES;
				GCC_OPTIMIZATION_LEVEL = 0;
				GCC_PREPROCESSOR_DEFINITIONS = (
					"DEBUG=1",
					"$(inherited)",
				);
				GCC_WARN_64_TO_32_BIT_CONVERSION = YES;
				GCC_WARN_ABOUT_RETURN_TYPE = YES_ERROR;
				GCC_WARN_UNDECLARED_SELECTOR = YES;
				GCC_WARN_UNINITIALIZED_AUTOS = YES_AGGRESSIVE;
				GCC_WARN_UNUSED_FUNCTION = YES;
				GCC_WARN_UNUSED_VARIABLE = YES;
				IPHONEOS_DEPLOYMENT_TARGET = 12.1;
				MTL_ENABLE_DEBUG_INFO = INCLUDE_SOURCE;
				MTL_FAST_MATH = YES;
				ONLY_ACTIVE_ARCH = YES;
				SDKROOT = iphoneos;
				SWIFT_ACTIVE_COMPILATION_CONDITIONS = DEBUG;
				SWIFT_OPTIMIZATION_LEVEL = "-Onone";
			};
			name = Debug;
		};
		727D62422208207500A5B103 /* Release */ = {
			isa = XCBuildConfiguration;
			buildSettings = {
				ALWAYS_SEARCH_USER_PATHS = NO;
				CLANG_ANALYZER_NONNULL = YES;
				CLANG_ANALYZER_NUMBER_OBJECT_CONVERSION = YES_AGGRESSIVE;
				CLANG_CXX_LANGUAGE_STANDARD = "gnu++14";
				CLANG_CXX_LIBRARY = "libc++";
				CLANG_ENABLE_MODULES = YES;
				CLANG_ENABLE_OBJC_ARC = YES;
				CLANG_ENABLE_OBJC_WEAK = YES;
				CLANG_WARN_BLOCK_CAPTURE_AUTORELEASING = YES;
				CLANG_WARN_BOOL_CONVERSION = YES;
				CLANG_WARN_COMMA = YES;
				CLANG_WARN_CONSTANT_CONVERSION = YES;
				CLANG_WARN_DEPRECATED_OBJC_IMPLEMENTATIONS = YES;
				CLANG_WARN_DIRECT_OBJC_ISA_USAGE = YES_ERROR;
				CLANG_WARN_DOCUMENTATION_COMMENTS = YES;
				CLANG_WARN_EMPTY_BODY = YES;
				CLANG_WARN_ENUM_CONVERSION = YES;
				CLANG_WARN_INFINITE_RECURSION = YES;
				CLANG_WARN_INT_CONVERSION = YES;
				CLANG_WARN_NON_LITERAL_NULL_CONVERSION = YES;
				CLANG_WARN_OBJC_IMPLICIT_RETAIN_SELF = YES;
				CLANG_WARN_OBJC_LITERAL_CONVERSION = YES;
				CLANG_WARN_OBJC_ROOT_CLASS = YES_ERROR;
				CLANG_WARN_RANGE_LOOP_ANALYSIS = YES;
				CLANG_WARN_STRICT_PROTOTYPES = YES;
				CLANG_WARN_SUSPICIOUS_MOVE = YES;
				CLANG_WARN_UNGUARDED_AVAILABILITY = YES_AGGRESSIVE;
				CLANG_WARN_UNREACHABLE_CODE = YES;
				CLANG_WARN__DUPLICATE_METHOD_MATCH = YES;
				CODE_SIGN_IDENTITY = "iPhone Developer";
				COPY_PHASE_STRIP = NO;
				DEBUG_INFORMATION_FORMAT = "dwarf-with-dsym";
				ENABLE_NS_ASSERTIONS = NO;
				ENABLE_STRICT_OBJC_MSGSEND = YES;
				GCC_C_LANGUAGE_STANDARD = gnu11;
				GCC_NO_COMMON_BLOCKS = YES;
				GCC_WARN_64_TO_32_BIT_CONVERSION = YES;
				GCC_WARN_ABOUT_RETURN_TYPE = YES_ERROR;
				GCC_WARN_UNDECLARED_SELECTOR = YES;
				GCC_WARN_UNINITIALIZED_AUTOS = YES_AGGRESSIVE;
				GCC_WARN_UNUSED_FUNCTION = YES;
				GCC_WARN_UNUSED_VARIABLE = YES;
				IPHONEOS_DEPLOYMENT_TARGET = 12.1;
				MTL_ENABLE_DEBUG_INFO = NO;
				MTL_FAST_MATH = YES;
				SDKROOT = iphoneos;
				SWIFT_COMPILATION_MODE = wholemodule;
				SWIFT_OPTIMIZATION_LEVEL = "-O";
				VALIDATE_PRODUCT = YES;
			};
			name = Release;
		};
		727D62442208207500A5B103 /* Debug */ = {
			isa = XCBuildConfiguration;
			baseConfigurationReference = 42269130F5B250A640A80A73 /* Pods-FlixApp.debug.xcconfig */;
			buildSettings = {
				ASSETCATALOG_COMPILER_APPICON_NAME = AppIcon;
				CODE_SIGN_STYLE = Automatic;
				INFOPLIST_FILE = FlixApp/Info.plist;
				LD_RUNPATH_SEARCH_PATHS = (
					"$(inherited)",
					"@executable_path/Frameworks",
				);
				PRODUCT_BUNDLE_IDENTIFIER = codepath.FlixApp;
				PRODUCT_NAME = "$(TARGET_NAME)";
				SWIFT_VERSION = 4.2;
				TARGETED_DEVICE_FAMILY = "1,2";
			};
			name = Debug;
		};
		727D62452208207500A5B103 /* Release */ = {
			isa = XCBuildConfiguration;
			baseConfigurationReference = 221D9EC5AFF62C13912352E0 /* Pods-FlixApp.release.xcconfig */;
			buildSettings = {
				ASSETCATALOG_COMPILER_APPICON_NAME = AppIcon;
				CODE_SIGN_STYLE = Automatic;
				INFOPLIST_FILE = FlixApp/Info.plist;
				LD_RUNPATH_SEARCH_PATHS = (
					"$(inherited)",
					"@executable_path/Frameworks",
				);
				PRODUCT_BUNDLE_IDENTIFIER = codepath.FlixApp;
				PRODUCT_NAME = "$(TARGET_NAME)";
				SWIFT_VERSION = 4.2;
				TARGETED_DEVICE_FAMILY = "1,2";
			};
			name = Release;
		};
		727D62472208207500A5B103 /* Debug */ = {
			isa = XCBuildConfiguration;
			baseConfigurationReference = 0F63DF8507B14C11ECD3865F /* Pods-FlixAppTests.debug.xcconfig */;
			buildSettings = {
				ALWAYS_EMBED_SWIFT_STANDARD_LIBRARIES = YES;
				BUNDLE_LOADER = "$(TEST_HOST)";
				CODE_SIGN_STYLE = Automatic;
				INFOPLIST_FILE = FlixAppTests/Info.plist;
				LD_RUNPATH_SEARCH_PATHS = (
					"$(inherited)",
					"@executable_path/Frameworks",
					"@loader_path/Frameworks",
				);
				PRODUCT_BUNDLE_IDENTIFIER = codepath.FlixAppTests;
				PRODUCT_NAME = "$(TARGET_NAME)";
				SWIFT_VERSION = 4.2;
				TARGETED_DEVICE_FAMILY = "1,2";
				TEST_HOST = "$(BUILT_PRODUCTS_DIR)/FlixApp.app/FlixApp";
			};
			name = Debug;
		};
		727D62482208207500A5B103 /* Release */ = {
			isa = XCBuildConfiguration;
			baseConfigurationReference = F68FC088F7B4AAB715CE045B /* Pods-FlixAppTests.release.xcconfig */;
			buildSettings = {
				ALWAYS_EMBED_SWIFT_STANDARD_LIBRARIES = YES;
				BUNDLE_LOADER = "$(TEST_HOST)";
				CODE_SIGN_STYLE = Automatic;
				INFOPLIST_FILE = FlixAppTests/Info.plist;
				LD_RUNPATH_SEARCH_PATHS = (
					"$(inherited)",
					"@executable_path/Frameworks",
					"@loader_path/Frameworks",
				);
				PRODUCT_BUNDLE_IDENTIFIER = codepath.FlixAppTests;
				PRODUCT_NAME = "$(TARGET_NAME)";
				SWIFT_VERSION = 4.2;
				TARGETED_DEVICE_FAMILY = "1,2";
				TEST_HOST = "$(BUILT_PRODUCTS_DIR)/FlixApp.app/FlixApp";
			};
			name = Release;
		};
		727D624A2208207500A5B103 /* Debug */ = {
			isa = XCBuildConfiguration;
			baseConfigurationReference = C31D88DE83B9FE512A950A3E /* Pods-FlixAppUITests.debug.xcconfig */;
			buildSettings = {
				ALWAYS_EMBED_SWIFT_STANDARD_LIBRARIES = YES;
				CODE_SIGN_STYLE = Automatic;
				INFOPLIST_FILE = FlixAppUITests/Info.plist;
				LD_RUNPATH_SEARCH_PATHS = (
					"$(inherited)",
					"@executable_path/Frameworks",
					"@loader_path/Frameworks",
				);
				PRODUCT_BUNDLE_IDENTIFIER = codepath.FlixAppUITests;
				PRODUCT_NAME = "$(TARGET_NAME)";
				SWIFT_VERSION = 4.2;
				TARGETED_DEVICE_FAMILY = "1,2";
				TEST_TARGET_NAME = FlixApp;
			};
			name = Debug;
		};
		727D624B2208207500A5B103 /* Release */ = {
			isa = XCBuildConfiguration;
			baseConfigurationReference = 4B68972812B9B04BAF6441CE /* Pods-FlixAppUITests.release.xcconfig */;
			buildSettings = {
				ALWAYS_EMBED_SWIFT_STANDARD_LIBRARIES = YES;
				CODE_SIGN_STYLE = Automatic;
				INFOPLIST_FILE = FlixAppUITests/Info.plist;
				LD_RUNPATH_SEARCH_PATHS = (
					"$(inherited)",
					"@executable_path/Frameworks",
					"@loader_path/Frameworks",
				);
				PRODUCT_BUNDLE_IDENTIFIER = codepath.FlixAppUITests;
				PRODUCT_NAME = "$(TARGET_NAME)";
				SWIFT_VERSION = 4.2;
				TARGETED_DEVICE_FAMILY = "1,2";
				TEST_TARGET_NAME = FlixApp;
			};
			name = Release;
		};
/* End XCBuildConfiguration section */

/* Begin XCConfigurationList section */
		727D62162208207300A5B103 /* Build configuration list for PBXProject "FlixApp" */ = {
			isa = XCConfigurationList;
			buildConfigurations = (
				727D62412208207500A5B103 /* Debug */,
				727D62422208207500A5B103 /* Release */,
			);
			defaultConfigurationIsVisible = 0;
			defaultConfigurationName = Release;
		};
		727D62432208207500A5B103 /* Build configuration list for PBXNativeTarget "FlixApp" */ = {
			isa = XCConfigurationList;
			buildConfigurations = (
				727D62442208207500A5B103 /* Debug */,
				727D62452208207500A5B103 /* Release */,
			);
			defaultConfigurationIsVisible = 0;
			defaultConfigurationName = Release;
		};
		727D62462208207500A5B103 /* Build configuration list for PBXNativeTarget "FlixAppTests" */ = {
			isa = XCConfigurationList;
			buildConfigurations = (
				727D62472208207500A5B103 /* Debug */,
				727D62482208207500A5B103 /* Release */,
			);
			defaultConfigurationIsVisible = 0;
			defaultConfigurationName = Release;
		};
		727D62492208207500A5B103 /* Build configuration list for PBXNativeTarget "FlixAppUITests" */ = {
			isa = XCConfigurationList;
			buildConfigurations = (
				727D624A2208207500A5B103 /* Debug */,
				727D624B2208207500A5B103 /* Release */,
			);
			defaultConfigurationIsVisible = 0;
			defaultConfigurationName = Release;
		};
/* End XCConfigurationList section */
	};
	rootObject = 727D62132208207300A5B103 /* Project object */;
}
